
Microsoft Visual Studio Solution File, Format Version 12.00
# Visual Studio Version 16
VisualStudioVersion = 16.0.31624.102
MinimumVisualStudioVersion = 10.0.40219.1
Project("{9A19103F-16F7-4668-BE54-9A1E7A4F7556}") = "CovidByCountry", "WebApplication1\CovidByCountry.csproj", "{A10518FC-3313-4CF4-910D-44037C3DEEDB}"
EndProject
Global
	GlobalSection(SolutionConfigurationPlatforms) = preSolution
		Debug|Any CPU = Debug|Any CPU
		Release|Any CPU = Release|Any CPU
	EndGlobalSection
	GlobalSection(ProjectConfigurationPlatforms) = postSolution
		{A10518FC-3313-4CF4-910D-44037C3DEEDB}.Debug|Any CPU.ActiveCfg = Debug|Any CPU
		{A10518FC-3313-4CF4-910D-44037C3DEEDB}.Debug|Any CPU.Build.0 = Debug|Any CPU
		{A10518FC-3313-4CF4-910D-44037C3DEEDB}.Release|Any CPU.ActiveCfg = Release|Any CPU
		{A10518FC-3313-4CF4-910D-44037C3DEEDB}.Release|Any CPU.Build.0 = Release|Any CPU
	EndGlobalSection
	GlobalSection(SolutionProperties) = preSolution
		HideSolutionNode = FALSE
	EndGlobalSection
	GlobalSection(ExtensibilityGlobals) = postSolution
		SolutionGuid = {D85BE648-4234-4814-BA69-5E2A60D73CE7}
	EndGlobalSection
EndGlobal
